
Microsoft Visual Studio Solution File, Format Version 12.00
# Visual Studio 15
VisualStudioVersion = 15.0.27004.2005
MinimumVisualStudioVersion = 10.0.40219.1
Project("{9A19103F-16F7-4668-BE54-9A1E7A4F7556}") = "WebApp", "WebApp\WebApp.csproj", "{5BEEC4CE-5DEA-464A-AB08-F69A8B69F21B}"
EndProject
Project("{9A19103F-16F7-4668-BE54-9A1E7A4F7556}") = "FanOutClassLibrary", "..\VSSolution\FanOutClassLibrary\FanOutClassLibrary.csproj", "{2A8AC16E-3E6C-4200-B189-755A6FEC43A9}"
EndProject
Global
	GlobalSection(SolutionConfigurationPlatforms) = preSolution
		Debug|Any CPU = Debug|Any CPU
		Release|Any CPU = Release|Any CPU
	EndGlobalSection
	GlobalSection(ProjectConfigurationPlatforms) = postSolution
		{5BEEC4CE-5DEA-464A-AB08-F69A8B69F21B}.Debug|Any CPU.ActiveCfg = Debug|Any CPU
		{5BEEC4CE-5DEA-464A-AB08-F69A8B69F21B}.Debug|Any CPU.Build.0 = Debug|Any CPU
		{5BEEC4CE-5DEA-464A-AB08-F69A8B69F21B}.Release|Any CPU.ActiveCfg = Release|Any CPU
		{5BEEC4CE-5DEA-464A-AB08-F69A8B69F21B}.Release|Any CPU.Build.0 = Release|Any CPU
		{2A8AC16E-3E6C-4200-B189-755A6FEC43A9}.Debug|Any CPU.ActiveCfg = Debug|Any CPU
		{2A8AC16E-3E6C-4200-B189-755A6FEC43A9}.Debug|Any CPU.Build.0 = Debug|Any CPU
		{2A8AC16E-3E6C-4200-B189-755A6FEC43A9}.Release|Any CPU.ActiveCfg = Release|Any CPU
		{2A8AC16E-3E6C-4200-B189-755A6FEC43A9}.Release|Any CPU.Build.0 = Release|Any CPU
	EndGlobalSection
	GlobalSection(SolutionProperties) = preSolution
		HideSolutionNode = FALSE
	EndGlobalSection
	GlobalSection(ExtensibilityGlobals) = postSolution
		SolutionGuid = {2A99AD57-BFF3-48E2-B79F-F93A3B3E3EF2}
	EndGlobalSection
EndGlobal
