
Microsoft Visual Studio Solution File, Format Version 12.00
# Visual Studio 15
VisualStudioVersion = 15.0.27004.2005
MinimumVisualStudioVersion = 10.0.40219.1
Project("{FAE04EC0-301F-11D3-BF4B-00C04F79EFBC}") = "UwpClientApp", "..\VSSolution\UwpClientApp\UwpClientApp.csproj", "{CB210526-8B0D-4F0A-884B-5C950EE036C1}"
EndProject
Project("{9A19103F-16F7-4668-BE54-9A1E7A4F7556}") = "FanOutClassLibrary", "..\VSSolution\FanOutClassLibrary\FanOutClassLibrary.csproj", "{020252EC-7844-453F-8F88-38F107B2DE37}"
EndProject
Project("{9A19103F-16F7-4668-BE54-9A1E7A4F7556}") = "FanOutDeviceClassLibrary", "..\VSSolution\FanOutDeviceClassLibrary\FanOutDeviceClassLibrary.csproj", "{980FFBBA-F1D2-4002-B683-FA8A85A5CA33}"
EndProject
Project("{9A19103F-16F7-4668-BE54-9A1E7A4F7556}") = "FanOutDeviceClientClassLibrary", "..\VSSolution\FanOutDeviceClientClassLibrary\FanOutDeviceClientClassLibrary.csproj", "{ED5A8A8A-C424-482E-B7CC-9EBF3F245976}"
EndProject
Project("{FAE04EC0-301F-11D3-BF4B-00C04F79EFBC}") = "FanOutUwpClassLibrary", "..\VSSolution\FanOutUwpClassLibrary\FanOutUwpClassLibrary.csproj", "{F8362971-C20C-4137-AF2B-FE97AEAD9CA5}"
EndProject
Global
	GlobalSection(SolutionConfigurationPlatforms) = preSolution
		Debug|Any CPU = Debug|Any CPU
		Debug|ARM = Debug|ARM
		Debug|x64 = Debug|x64
		Debug|x86 = Debug|x86
		Release|Any CPU = Release|Any CPU
		Release|ARM = Release|ARM
		Release|x64 = Release|x64
		Release|x86 = Release|x86
	EndGlobalSection
	GlobalSection(ProjectConfigurationPlatforms) = postSolution
		{CB210526-8B0D-4F0A-884B-5C950EE036C1}.Debug|Any CPU.ActiveCfg = Debug|x86
		{CB210526-8B0D-4F0A-884B-5C950EE036C1}.Debug|ARM.ActiveCfg = Debug|ARM
		{CB210526-8B0D-4F0A-884B-5C950EE036C1}.Debug|ARM.Build.0 = Debug|ARM
		{CB210526-8B0D-4F0A-884B-5C950EE036C1}.Debug|ARM.Deploy.0 = Debug|ARM
		{CB210526-8B0D-4F0A-884B-5C950EE036C1}.Debug|x64.ActiveCfg = Debug|x64
		{CB210526-8B0D-4F0A-884B-5C950EE036C1}.Debug|x64.Build.0 = Debug|x64
		{CB210526-8B0D-4F0A-884B-5C950EE036C1}.Debug|x64.Deploy.0 = Debug|x64
		{CB210526-8B0D-4F0A-884B-5C950EE036C1}.Debug|x86.ActiveCfg = Debug|x86
		{CB210526-8B0D-4F0A-884B-5C950EE036C1}.Debug|x86.Build.0 = Debug|x86
		{CB210526-8B0D-4F0A-884B-5C950EE036C1}.Debug|x86.Deploy.0 = Debug|x86
		{CB210526-8B0D-4F0A-884B-5C950EE036C1}.Release|Any CPU.ActiveCfg = Release|x86
		{CB210526-8B0D-4F0A-884B-5C950EE036C1}.Release|ARM.ActiveCfg = Release|ARM
		{CB210526-8B0D-4F0A-884B-5C950EE036C1}.Release|ARM.Build.0 = Release|ARM
		{CB210526-8B0D-4F0A-884B-5C950EE036C1}.Release|ARM.Deploy.0 = Release|ARM
		{CB210526-8B0D-4F0A-884B-5C950EE036C1}.Release|x64.ActiveCfg = Release|x64
		{CB210526-8B0D-4F0A-884B-5C950EE036C1}.Release|x64.Build.0 = Release|x64
		{CB210526-8B0D-4F0A-884B-5C950EE036C1}.Release|x64.Deploy.0 = Release|x64
		{CB210526-8B0D-4F0A-884B-5C950EE036C1}.Release|x86.ActiveCfg = Release|x86
		{CB210526-8B0D-4F0A-884B-5C950EE036C1}.Release|x86.Build.0 = Release|x86
		{CB210526-8B0D-4F0A-884B-5C950EE036C1}.Release|x86.Deploy.0 = Release|x86
		{020252EC-7844-453F-8F88-38F107B2DE37}.Debug|Any CPU.ActiveCfg = Debug|Any CPU
		{020252EC-7844-453F-8F88-38F107B2DE37}.Debug|Any CPU.Build.0 = Debug|Any CPU
		{020252EC-7844-453F-8F88-38F107B2DE37}.Debug|ARM.ActiveCfg = Debug|Any CPU
		{020252EC-7844-453F-8F88-38F107B2DE37}.Debug|ARM.Build.0 = Debug|Any CPU
		{020252EC-7844-453F-8F88-38F107B2DE37}.Debug|x64.ActiveCfg = Debug|Any CPU
		{020252EC-7844-453F-8F88-38F107B2DE37}.Debug|x64.Build.0 = Debug|Any CPU
		{020252EC-7844-453F-8F88-38F107B2DE37}.Debug|x86.ActiveCfg = Debug|Any CPU
		{020252EC-7844-453F-8F88-38F107B2DE37}.Debug|x86.Build.0 = Debug|Any CPU
		{020252EC-7844-453F-8F88-38F107B2DE37}.Release|Any CPU.ActiveCfg = Release|Any CPU
		{020252EC-7844-453F-8F88-38F107B2DE37}.Release|Any CPU.Build.0 = Release|Any CPU
		{020252EC-7844-453F-8F88-38F107B2DE37}.Release|ARM.ActiveCfg = Release|Any CPU
		{020252EC-7844-453F-8F88-38F107B2DE37}.Release|ARM.Build.0 = Release|Any CPU
		{020252EC-7844-453F-8F88-38F107B2DE37}.Release|x64.ActiveCfg = Release|Any CPU
		{020252EC-7844-453F-8F88-38F107B2DE37}.Release|x64.Build.0 = Release|Any CPU
		{020252EC-7844-453F-8F88-38F107B2DE37}.Release|x86.ActiveCfg = Release|Any CPU
		{020252EC-7844-453F-8F88-38F107B2DE37}.Release|x86.Build.0 = Release|Any CPU
		{980FFBBA-F1D2-4002-B683-FA8A85A5CA33}.Debug|Any CPU.ActiveCfg = Debug|Any CPU
		{980FFBBA-F1D2-4002-B683-FA8A85A5CA33}.Debug|Any CPU.Build.0 = Debug|Any CPU
		{980FFBBA-F1D2-4002-B683-FA8A85A5CA33}.Debug|ARM.ActiveCfg = Debug|Any CPU
		{980FFBBA-F1D2-4002-B683-FA8A85A5CA33}.Debug|ARM.Build.0 = Debug|Any CPU
		{980FFBBA-F1D2-4002-B683-FA8A85A5CA33}.Debug|x64.ActiveCfg = Debug|Any CPU
		{980FFBBA-F1D2-4002-B683-FA8A85A5CA33}.Debug|x64.Build.0 = Debug|Any CPU
		{980FFBBA-F1D2-4002-B683-FA8A85A5CA33}.Debug|x86.ActiveCfg = Debug|Any CPU
		{980FFBBA-F1D2-4002-B683-FA8A85A5CA33}.Debug|x86.Build.0 = Debug|Any CPU
		{980FFBBA-F1D2-4002-B683-FA8A85A5CA33}.Release|Any CPU.ActiveCfg = Release|Any CPU
		{980FFBBA-F1D2-4002-B683-FA8A85A5CA33}.Release|Any CPU.Build.0 = Release|Any CPU
		{980FFBBA-F1D2-4002-B683-FA8A85A5CA33}.Release|ARM.ActiveCfg = Release|Any CPU
		{980FFBBA-F1D2-4002-B683-FA8A85A5CA33}.Release|ARM.Build.0 = Release|Any CPU
		{980FFBBA-F1D2-4002-B683-FA8A85A5CA33}.Release|x64.ActiveCfg = Release|Any CPU
		{980FFBBA-F1D2-4002-B683-FA8A85A5CA33}.Release|x64.Build.0 = Release|Any CPU
		{980FFBBA-F1D2-4002-B683-FA8A85A5CA33}.Release|x86.ActiveCfg = Release|Any CPU
		{980FFBBA-F1D2-4002-B683-FA8A85A5CA33}.Release|x86.Build.0 = Release|Any CPU
		{ED5A8A8A-C424-482E-B7CC-9EBF3F245976}.Debug|Any CPU.ActiveCfg = Debug|Any CPU
		{ED5A8A8A-C424-482E-B7CC-9EBF3F245976}.Debug|Any CPU.Build.0 = Debug|Any CPU
		{ED5A8A8A-C424-482E-B7CC-9EBF3F245976}.Debug|ARM.ActiveCfg = Debug|Any CPU
		{ED5A8A8A-C424-482E-B7CC-9EBF3F245976}.Debug|ARM.Build.0 = Debug|Any CPU
		{ED5A8A8A-C424-482E-B7CC-9EBF3F245976}.Debug|x64.ActiveCfg = Debug|Any CPU
		{ED5A8A8A-C424-482E-B7CC-9EBF3F245976}.Debug|x64.Build.0 = Debug|Any CPU
		{ED5A8A8A-C424-482E-B7CC-9EBF3F245976}.Debug|x86.ActiveCfg = Debug|Any CPU
		{ED5A8A8A-C424-482E-B7CC-9EBF3F245976}.Debug|x86.Build.0 = Debug|Any CPU
		{ED5A8A8A-C424-482E-B7CC-9EBF3F245976}.Release|Any CPU.ActiveCfg = Release|Any CPU
		{ED5A8A8A-C424-482E-B7CC-9EBF3F245976}.Release|Any CPU.Build.0 = Release|Any CPU
		{ED5A8A8A-C424-482E-B7CC-9EBF3F245976}.Release|ARM.ActiveCfg = Release|Any CPU
		{ED5A8A8A-C424-482E-B7CC-9EBF3F245976}.Release|ARM.Build.0 = Release|Any CPU
		{ED5A8A8A-C424-482E-B7CC-9EBF3F245976}.Release|x64.ActiveCfg = Release|Any CPU
		{ED5A8A8A-C424-482E-B7CC-9EBF3F245976}.Release|x64.Build.0 = Release|Any CPU
		{ED5A8A8A-C424-482E-B7CC-9EBF3F245976}.Release|x86.ActiveCfg = Release|Any CPU
		{ED5A8A8A-C424-482E-B7CC-9EBF3F245976}.Release|x86.Build.0 = Release|Any CPU
		{F8362971-C20C-4137-AF2B-FE97AEAD9CA5}.Debug|Any CPU.ActiveCfg = Debug|Any CPU
		{F8362971-C20C-4137-AF2B-FE97AEAD9CA5}.Debug|Any CPU.Build.0 = Debug|Any CPU
		{F8362971-C20C-4137-AF2B-FE97AEAD9CA5}.Debug|ARM.ActiveCfg = Debug|ARM
		{F8362971-C20C-4137-AF2B-FE97AEAD9CA5}.Debug|ARM.Build.0 = Debug|ARM
		{F8362971-C20C-4137-AF2B-FE97AEAD9CA5}.Debug|x64.ActiveCfg = Debug|x64
		{F8362971-C20C-4137-AF2B-FE97AEAD9CA5}.Debug|x64.Build.0 = Debug|x64
		{F8362971-C20C-4137-AF2B-FE97AEAD9CA5}.Debug|x86.ActiveCfg = Debug|x86
		{F8362971-C20C-4137-AF2B-FE97AEAD9CA5}.Debug|x86.Build.0 = Debug|x86
		{F8362971-C20C-4137-AF2B-FE97AEAD9CA5}.Release|Any CPU.ActiveCfg = Release|Any CPU
		{F8362971-C20C-4137-AF2B-FE97AEAD9CA5}.Release|Any CPU.Build.0 = Release|Any CPU
		{F8362971-C20C-4137-AF2B-FE97AEAD9CA5}.Release|ARM.ActiveCfg = Release|ARM
		{F8362971-C20C-4137-AF2B-FE97AEAD9CA5}.Release|ARM.Build.0 = Release|ARM
		{F8362971-C20C-4137-AF2B-FE97AEAD9CA5}.Release|x64.ActiveCfg = Release|x64
		{F8362971-C20C-4137-AF2B-FE97AEAD9CA5}.Release|x64.Build.0 = Release|x64
		{F8362971-C20C-4137-AF2B-FE97AEAD9CA5}.Release|x86.ActiveCfg = Release|x86
		{F8362971-C20C-4137-AF2B-FE97AEAD9CA5}.Release|x86.Build.0 = Release|x86
	EndGlobalSection
	GlobalSection(SolutionProperties) = preSolution
		HideSolutionNode = FALSE
	EndGlobalSection
	GlobalSection(ExtensibilityGlobals) = postSolution
		SolutionGuid = {B78419B1-4577-45BE-AED5-311BF0D4F34E}
	EndGlobalSection
EndGlobal
